
Microsoft Visual Studio Solution File, Format Version 12.00
# Visual Studio Version 16
VisualStudioVersion = 16.0.30804.86
MinimumVisualStudioVersion = 10.0.40219.1
Project("{FAE04EC0-301F-11D3-BF4B-00C04F79EFBC}") = "Airline", "Airline\Airline.csproj", "{9CB8D7C8-4817-40E7-9E03-DACD685171BF}"
EndProject
Global
	GlobalSection(SolutionConfigurationPlatforms) = preSolution
		Debug|Any CPU = Debug|Any CPU
		Release|Any CPU = Release|Any CPU
	EndGlobalSection
	GlobalSection(ProjectConfigurationPlatforms) = postSolution
		{9CB8D7C8-4817-40E7-9E03-DACD685171BF}.Debug|Any CPU.ActiveCfg = Debug|Any CPU
		{9CB8D7C8-4817-40E7-9E03-DACD685171BF}.Debug|Any CPU.Build.0 = Debug|Any CPU
		{9CB8D7C8-4817-40E7-9E03-DACD685171BF}.Release|Any CPU.ActiveCfg = Release|Any CPU
		{9CB8D7C8-4817-40E7-9E03-DACD685171BF}.Release|Any CPU.Build.0 = Release|Any CPU
	EndGlobalSection
	GlobalSection(SolutionProperties) = preSolution
		HideSolutionNode = FALSE
	EndGlobalSection
	GlobalSection(ExtensibilityGlobals) = postSolution
		SolutionGuid = {CB304BEF-8D88-461A-92D8-976251DD1FD0}
	EndGlobalSection
EndGlobal
